
Microsoft Visual Studio Solution File, Format Version 11.00
# Visual Studio 2010
Project("{8BC9CEB8-8B4A-11D0-8D11-00A0C91BC942}") = "XYZ_KeygenMe20110505", "XYZ_KeygenMe20110505\XYZ_KeygenMe20110505.vcxproj", "{A0C3A7FE-5936-4046-BF77-C7E9EFC16B2F}"
EndProject
Global
	GlobalSection(SolutionConfigurationPlatforms) = preSolution
		Debug|Win32 = Debug|Win32
		Release|Win32 = Release|Win32
	EndGlobalSection
	GlobalSection(ProjectConfigurationPlatforms) = postSolution
		{A0C3A7FE-5936-4046-BF77-C7E9EFC16B2F}.Debug|Win32.ActiveCfg = Debug|Win32
		{A0C3A7FE-5936-4046-BF77-C7E9EFC16B2F}.Debug|Win32.Build.0 = Debug|Win32
		{A0C3A7FE-5936-4046-BF77-C7E9EFC16B2F}.Release|Win32.ActiveCfg = Release|Win32
		{A0C3A7FE-5936-4046-BF77-C7E9EFC16B2F}.Release|Win32.Build.0 = Release|Win32
	EndGlobalSection
	GlobalSection(SolutionProperties) = preSolution
		HideSolutionNode = FALSE
	EndGlobalSection
EndGlobal
